
Microsoft Visual Studio Solution File, Format Version 12.00
# Visual Studio 15
VisualStudioVersion = 15.0.28010.2026
MinimumVisualStudioVersion = 10.0.40219.1
Project("{FAE04EC0-301F-11D3-BF4B-00C04F79EFBC}") = "SmsBuddy", "SmsBuddy\SmsBuddy.csproj", "{42595463-F3E2-452D-8A38-661FB006DBC8}"
EndProject
Global
	GlobalSection(SolutionConfigurationPlatforms) = preSolution
		Debug|Any CPU = Debug|Any CPU
		Release|Any CPU = Release|Any CPU
	EndGlobalSection
	GlobalSection(ProjectConfigurationPlatforms) = postSolution
		{42595463-F3E2-452D-8A38-661FB006DBC8}.Debug|Any CPU.ActiveCfg = Debug|Any CPU
		{42595463-F3E2-452D-8A38-661FB006DBC8}.Debug|Any CPU.Build.0 = Debug|Any CPU
		{42595463-F3E2-452D-8A38-661FB006DBC8}.Release|Any CPU.ActiveCfg = Release|Any CPU
		{42595463-F3E2-452D-8A38-661FB006DBC8}.Release|Any CPU.Build.0 = Release|Any CPU
	EndGlobalSection
	GlobalSection(SolutionProperties) = preSolution
		HideSolutionNode = FALSE
	EndGlobalSection
	GlobalSection(ExtensibilityGlobals) = postSolution
		SolutionGuid = {69DA4A9F-FC33-4946-B60B-A9B62E3EE838}
	EndGlobalSection
EndGlobal
